schema: '2.0'
stages:
  data_load:
    cmd: python src/data/get_data.py --config=params.yaml
    deps:
    - path: src/data/get_data.py
      md5: 99243ba6565c9f1b2a5998fdf465a1ae
      size: 617
    params:
      params.yaml:
        base:
          random_state: 42
          log_level: INFO
          n_seed: 0
          num_classes: 2
          device:
            GPU: cuda:0
            CPU: cpu
        data_load:
          data_path: data
          raw_data_path: data/raw/
  data_split:
    cmd: python src/data/preprocessing.py --config=params.yaml
    deps:
    - path: src/data/preprocessing.py
      md5: 89d6f3a9f738321100f3368f3f091053
      size: 1894
    params:
      params.yaml:
        base:
          random_state: 42
          log_level: INFO
          n_seed: 0
          num_classes: 2
          device:
            GPU: cuda:0
            CPU: cpu
        data_split:
          test_size: 0.2
          processed_data: data/processed/
          train_path_data: data/processed/train
          test_path_data: data/processed/test
          trainset_path: data/processed/train.csv
          new_trainset_path: data/processed/new_train.csv
          validset_path: data/processed/valid.csv
          testset_path: data/processed/test.csv
          train_batch_size: 12
          valid_batch_size: 6
